
Microsoft Visual Studio Solution File, Format Version 12.00
# Visual Studio Version 16
VisualStudioVersion = 16.0.30611.23
MinimumVisualStudioVersion = 10.0.40219.1
Project("{9A19103F-16F7-4668-BE54-9A1E7A4F7556}") = "WebApi", "WebApi\WebApi.csproj", "{6817AE5A-7872-486F-BBE7-FBB1E353C6C1}"
EndProject
Project("{9A19103F-16F7-4668-BE54-9A1E7A4F7556}") = "CC.MyServicesPortal.Repository", "CC.MyServicesPortal.Repository\CC.MyServicesPortal.Repository.csproj", "{383EDEF3-A62F-434F-B897-6877B69774B3}"
EndProject
Project("{2150E333-8FDC-42A3-9474-1A3956D46DE8}") = "0 Common", "0 Common", "{EDB66214-D056-4429-8394-25B72DB18972}"
EndProject
Project("{9A19103F-16F7-4668-BE54-9A1E7A4F7556}") = "CC.MyServicesPortal.Domain", "CC.MyServicesPortal.Domain\CC.MyServicesPortal.Domain.csproj", "{1B345300-1695-4D5F-A834-5024E03981D1}"
EndProject
Project("{2150E333-8FDC-42A3-9474-1A3956D46DE8}") = "2 Repository", "2 Repository", "{3B0C7398-8646-4008-8AD4-89803928DA5A}"
EndProject
Project("{2150E333-8FDC-42A3-9474-1A3956D46DE8}") = "1 Deployable", "1 Deployable", "{DC46911F-E3DC-4C5E-9E56-2DEE16055331}"
EndProject
Project("{9A19103F-16F7-4668-BE54-9A1E7A4F7556}") = "CC.MyServices.Repository.Contract", "CC.MyServices.Repository.Contract\CC.MyServices.Repository.Contract.csproj", "{C5F93080-4C60-4E7D-A1C9-A2C175482E0B}"
EndProject
Project("{2150E333-8FDC-42A3-9474-1A3956D46DE8}") = "Utils", "Utils", "{032CD8A4-0DF8-4C26-97ED-3ADBB7F063E0}"
EndProject
Project("{2150E333-8FDC-42A3-9474-1A3956D46DE8}") = "Log", "Log", "{79419D68-6FC8-4395-BAF1-5A93A030FB13}"
EndProject
Project("{9A19103F-16F7-4668-BE54-9A1E7A4F7556}") = "CC.MyServices.Utils.Log.Contracts", "CC.MyServices.Utils.Log.Contracts\CC.MyServices.Utils.Log.Contracts.csproj", "{0D5ECCC6-FCD3-46BA-83B8-AEC984ED4E82}"
EndProject
Project("{9A19103F-16F7-4668-BE54-9A1E7A4F7556}") = "CC.MyServices.Utils.Log", "CC.MyServices.Utils.Log\CC.MyServices.Utils.Log.csproj", "{489E68D8-602C-4030-896C-73F031DD89F0}"
EndProject
Project("{2150E333-8FDC-42A3-9474-1A3956D46DE8}") = "Contract", "Contract", "{284AE04E-54DD-4A75-BBE2-B8CFC29C6011}"
EndProject
Project("{2150E333-8FDC-42A3-9474-1A3956D46DE8}") = "Contract", "Contract", "{BC477E95-40E9-41BE-99DA-B9C1EEE66867}"
EndProject
Global
	GlobalSection(SolutionConfigurationPlatforms) = preSolution
		Debug|Any CPU = Debug|Any CPU
		Release|Any CPU = Release|Any CPU
	EndGlobalSection
	GlobalSection(ProjectConfigurationPlatforms) = postSolution
		{6817AE5A-7872-486F-BBE7-FBB1E353C6C1}.Debug|Any CPU.ActiveCfg = Debug|Any CPU
		{6817AE5A-7872-486F-BBE7-FBB1E353C6C1}.Debug|Any CPU.Build.0 = Debug|Any CPU
		{6817AE5A-7872-486F-BBE7-FBB1E353C6C1}.Release|Any CPU.ActiveCfg = Release|Any CPU
		{6817AE5A-7872-486F-BBE7-FBB1E353C6C1}.Release|Any CPU.Build.0 = Release|Any CPU
		{383EDEF3-A62F-434F-B897-6877B69774B3}.Debug|Any CPU.ActiveCfg = Debug|Any CPU
		{383EDEF3-A62F-434F-B897-6877B69774B3}.Debug|Any CPU.Build.0 = Debug|Any CPU
		{383EDEF3-A62F-434F-B897-6877B69774B3}.Release|Any CPU.ActiveCfg = Release|Any CPU
		{383EDEF3-A62F-434F-B897-6877B69774B3}.Release|Any CPU.Build.0 = Release|Any CPU
		{1B345300-1695-4D5F-A834-5024E03981D1}.Debug|Any CPU.ActiveCfg = Debug|Any CPU
		{1B345300-1695-4D5F-A834-5024E03981D1}.Debug|Any CPU.Build.0 = Debug|Any CPU
		{1B345300-1695-4D5F-A834-5024E03981D1}.Release|Any CPU.ActiveCfg = Release|Any CPU
		{1B345300-1695-4D5F-A834-5024E03981D1}.Release|Any CPU.Build.0 = Release|Any CPU
		{C5F93080-4C60-4E7D-A1C9-A2C175482E0B}.Debug|Any CPU.ActiveCfg = Debug|Any CPU
		{C5F93080-4C60-4E7D-A1C9-A2C175482E0B}.Debug|Any CPU.Build.0 = Debug|Any CPU
		{C5F93080-4C60-4E7D-A1C9-A2C175482E0B}.Release|Any CPU.ActiveCfg = Release|Any CPU
		{C5F93080-4C60-4E7D-A1C9-A2C175482E0B}.Release|Any CPU.Build.0 = Release|Any CPU
		{0D5ECCC6-FCD3-46BA-83B8-AEC984ED4E82}.Debug|Any CPU.ActiveCfg = Debug|Any CPU
		{0D5ECCC6-FCD3-46BA-83B8-AEC984ED4E82}.Debug|Any CPU.Build.0 = Debug|Any CPU
		{0D5ECCC6-FCD3-46BA-83B8-AEC984ED4E82}.Release|Any CPU.ActiveCfg = Release|Any CPU
		{0D5ECCC6-FCD3-46BA-83B8-AEC984ED4E82}.Release|Any CPU.Build.0 = Release|Any CPU
		{489E68D8-602C-4030-896C-73F031DD89F0}.Debug|Any CPU.ActiveCfg = Debug|Any CPU
		{489E68D8-602C-4030-896C-73F031DD89F0}.Debug|Any CPU.Build.0 = Debug|Any CPU
		{489E68D8-602C-4030-896C-73F031DD89F0}.Release|Any CPU.ActiveCfg = Release|Any CPU
		{489E68D8-602C-4030-896C-73F031DD89F0}.Release|Any CPU.Build.0 = Release|Any CPU
	EndGlobalSection
	GlobalSection(SolutionProperties) = preSolution
		HideSolutionNode = FALSE
	EndGlobalSection
	GlobalSection(NestedProjects) = preSolution
		{6817AE5A-7872-486F-BBE7-FBB1E353C6C1} = {DC46911F-E3DC-4C5E-9E56-2DEE16055331}
		{383EDEF3-A62F-434F-B897-6877B69774B3} = {3B0C7398-8646-4008-8AD4-89803928DA5A}
		{1B345300-1695-4D5F-A834-5024E03981D1} = {EDB66214-D056-4429-8394-25B72DB18972}
		{C5F93080-4C60-4E7D-A1C9-A2C175482E0B} = {284AE04E-54DD-4A75-BBE2-B8CFC29C6011}
		{032CD8A4-0DF8-4C26-97ED-3ADBB7F063E0} = {EDB66214-D056-4429-8394-25B72DB18972}
		{79419D68-6FC8-4395-BAF1-5A93A030FB13} = {032CD8A4-0DF8-4C26-97ED-3ADBB7F063E0}
		{0D5ECCC6-FCD3-46BA-83B8-AEC984ED4E82} = {79419D68-6FC8-4395-BAF1-5A93A030FB13}
		{489E68D8-602C-4030-896C-73F031DD89F0} = {BC477E95-40E9-41BE-99DA-B9C1EEE66867}
		{284AE04E-54DD-4A75-BBE2-B8CFC29C6011} = {3B0C7398-8646-4008-8AD4-89803928DA5A}
		{BC477E95-40E9-41BE-99DA-B9C1EEE66867} = {79419D68-6FC8-4395-BAF1-5A93A030FB13}
	EndGlobalSection
	GlobalSection(ExtensibilityGlobals) = postSolution
		SolutionGuid = {3CFF8B4E-9FDC-4481-8222-69158ED23AF1}
	EndGlobalSection
EndGlobal
